
Microsoft Visual Studio Solution File, Format Version 12.00
# Visual Studio Version 16
VisualStudioVersion = 16.0.28803.202
MinimumVisualStudioVersion = 10.0.40219.1
Project("{FAE04EC0-301F-11D3-BF4B-00C04F79EFBC}") = "LinkedLists", "LinkedLists\LinkedLists.csproj", "{F46F957D-9221-48B9-80A9-253BC72AB73B}"
EndProject
Global
	GlobalSection(SolutionConfigurationPlatforms) = preSolution
		Debug|Any CPU = Debug|Any CPU
		Release|Any CPU = Release|Any CPU
	EndGlobalSection
	GlobalSection(ProjectConfigurationPlatforms) = postSolution
		{F46F957D-9221-48B9-80A9-253BC72AB73B}.Debug|Any CPU.ActiveCfg = Debug|Any CPU
		{F46F957D-9221-48B9-80A9-253BC72AB73B}.Debug|Any CPU.Build.0 = Debug|Any CPU
		{F46F957D-9221-48B9-80A9-253BC72AB73B}.Release|Any CPU.ActiveCfg = Release|Any CPU
		{F46F957D-9221-48B9-80A9-253BC72AB73B}.Release|Any CPU.Build.0 = Release|Any CPU
	EndGlobalSection
	GlobalSection(SolutionProperties) = preSolution
		HideSolutionNode = FALSE
	EndGlobalSection
	GlobalSection(ExtensibilityGlobals) = postSolution
		SolutionGuid = {FDFBBC50-80FB-4FFB-94C4-D995B7682FCD}
	EndGlobalSection
EndGlobal
